// !$*UTF8*$!
{
	archiveVersion = 1;
	classes = {
	};
	objectVersion = 50;
	objects = {

/* Begin PBXBuildFile section */
		182B70BD262340EA0013B0E7 /* AppDelegate.swift in Sources */ = {isa = PBXBuildFile; fileRef = 182B70BC262340EA0013B0E7 /* AppDelegate.swift */; };
		182B70BF262340EA0013B0E7 /* MainViewController.swift in Sources */ = {isa = PBXBuildFile; fileRef = 182B70BE262340EA0013B0E7 /* MainViewController.swift */; };
		182B70C2262340EA0013B0E7 /* Main.storyboard in Resources */ = {isa = PBXBuildFile; fileRef = 182B70C0262340EA0013B0E7 /* Main.storyboard */; };
		182B70C5262340EA0013B0E7 /* GuideRestaurant.xcdatamodeld in Sources */ = {isa = PBXBuildFile; fileRef = 182B70C3262340EA0013B0E7 /* GuideRestaurant.xcdatamodeld */; };
		182B70C7262340EA0013B0E7 /* Assets.xcassets in Resources */ = {isa = PBXBuildFile; fileRef = 182B70C6262340EA0013B0E7 /* Assets.xcassets */; };
		182B70CA262340EA0013B0E7 /* LaunchScreen.storyboard in Resources */ = {isa = PBXBuildFile; fileRef = 182B70C8262340EA0013B0E7 /* LaunchScreen.storyboard */; };
		182B70D226235BD90013B0E7 /* TableViewController.swift in Sources */ = {isa = PBXBuildFile; fileRef = 182B70D126235BD90013B0E7 /* TableViewController.swift */; };
		182B70D6262361400013B0E7 /* ViewController.swift in Sources */ = {isa = PBXBuildFile; fileRef = 182B70D5262361400013B0E7 /* ViewController.swift */; };
		18C879392623C9A50064DC56 /* RatingReview.swift in Sources */ = {isa = PBXBuildFile; fileRef = 18C879382623C9A50064DC56 /* RatingReview.swift */; };
/* End PBXBuildFile section */

/* Begin PBXFileReference section */
		182B70B9262340EA0013B0E7 /* GuideRestaurant.app */ = {isa = PBXFileReference; explicitFileType = wrapper.application; includeInIndex = 0; path = GuideRestaurant.app; sourceTree = BUILT_PRODUCTS_DIR; };
		182B70BC262340EA0013B0E7 /* AppDelegate.swift */ = {isa = PBXFileReference; lastKnownFileType = sourcecode.swift; path = AppDelegate.swift; sourceTree = "<group>"; };
		182B70BE262340EA0013B0E7 /* MainViewController.swift */ = {isa = PBXFileReference; lastKnownFileType = sourcecode.swift; path = MainViewController.swift; sourceTree = "<group>"; };
		182B70C1262340EA0013B0E7 /* Base */ = {isa = PBXFileReference; lastKnownFileType = file.storyboard; name = Base; path = Base.lproj/Main.storyboard; sourceTree = "<group>"; };
		182B70C4262340EA0013B0E7 /* GuideRestaurant.xcdatamodel */ = {isa = PBXFileReference; lastKnownFileType = wrapper.xcdatamodel; path = GuideRestaurant.xcdatamodel; sourceTree = "<group>"; };
		182B70C6262340EA0013B0E7 /* Assets.xcassets */ = {isa = PBXFileReference; lastKnownFileType = folder.assetcatalog; path = Assets.xcassets; sourceTree = "<group>"; };
		182B70C9262340EA0013B0E7 /* Base */ = {isa = PBXFileReference; lastKnownFileType = file.storyboard; name = Base; path = Base.lproj/LaunchScreen.storyboard; sourceTree = "<group>"; };
		182B70CB262340EA0013B0E7 /* Info.plist */ = {isa = PBXFileReference; lastKnownFileType = text.plist.xml; path = Info.plist; sourceTree = "<group>"; };
		182B70D126235BD90013B0E7 /* TableViewController.swift */ = {isa = PBXFileReference; lastKnownFileType = sourcecode.swift; path = TableViewController.swift; sourceTree = "<group>"; };
		182B70D5262361400013B0E7 /* ViewController.swift */ = {isa = PBXFileReference; lastKnownFileType = sourcecode.swift; path = ViewController.swift; sourceTree = "<group>"; };
		18C879382623C9A50064DC56 /* RatingReview.swift */ = {isa = PBXFileReference; lastKnownFileType = sourcecode.swift; path = RatingReview.swift; sourceTree = "<group>"; };
/* End PBXFileReference section */

/* Begin PBXFrameworksBuildPhase section */
		182B70B6262340EA0013B0E7 /* Frameworks */ = {
			isa = PBXFrameworksBuildPhase;
			buildActionMask = 2147483647;
			files = (
			);
			runOnlyForDeploymentPostprocessing = 0;
		};
/* End PBXFrameworksBuildPhase section */

/* Begin PBXGroup section */
		182B70B0262340EA0013B0E7 = {
			isa = PBXGroup;
			children = (
				182B70BB262340EA0013B0E7 /* GuideRestaurant */,
				182B70BA262340EA0013B0E7 /* Products */,
			);
			sourceTree = "<group>";
		};
		182B70BA262340EA0013B0E7 /* Products */ = {
			isa = PBXGroup;
			children = (
				182B70B9262340EA0013B0E7 /* GuideRestaurant.app */,
			);
			name = Products;
			sourceTree = "<group>";
		};
		182B70BB262340EA0013B0E7 /* GuideRestaurant */ = {
			isa = PBXGroup;
			children = (
				182B70BC262340EA0013B0E7 /* AppDelegate.swift */,
				182B70BE262340EA0013B0E7 /* MainViewController.swift */,
				182B70D5262361400013B0E7 /* ViewController.swift */,
				18C879382623C9A50064DC56 /* RatingReview.swift */,
				182B70C0262340EA0013B0E7 /* Main.storyboard */,
				182B70C6262340EA0013B0E7 /* Assets.xcassets */,
				182B70C8262340EA0013B0E7 /* LaunchScreen.storyboard */,
				182B70CB262340EA0013B0E7 /* Info.plist */,
				182B70C3262340EA0013B0E7 /* GuideRestaurant.xcdatamodeld */,
				182B70D126235BD90013B0E7 /* TableViewController.swift */,
			);
			path = GuideRestaurant;
			sourceTree = "<group>";
		};
/* End PBXGroup section */

/* Begin PBXNativeTarget section */
		182B70B8262340EA0013B0E7 /* GuideRestaurant */ = {
			isa = PBXNativeTarget;
			buildConfigurationList = 182B70CE262340EA0013B0E7 /* Build configuration list for PBXNativeTarget "GuideRestaurant" */;
			buildPhases = (
				182B70B5262340EA0013B0E7 /* Sources */,
				182B70B6262340EA0013B0E7 /* Frameworks */,
				182B70B7262340EA0013B0E7 /* Resources */,
			);
			buildRules = (
			);
			dependencies = (
			);
			name = GuideRestaurant;
			productName = GuideRestaurant;
			productReference = 182B70B9262340EA0013B0E7 /* GuideRestaurant.app */;
			productType = "com.apple.product-type.application";
		};
/* End PBXNativeTarget section */

/* Begin PBXProject section */
		182B70B1262340EA0013B0E7 /* Project object */ = {
			isa = PBXProject;
			attributes = {
				LastSwiftUpdateCheck = 1020;
				LastUpgradeCheck = 1020;
				ORGANIZATIONNAME = GBC;
				TargetAttributes = {
					182B70B8262340EA0013B0E7 = {
						CreatedOnToolsVersion = 10.2;
					};
				};
			};
			buildConfigurationList = 182B70B4262340EA0013B0E7 /* Build configuration list for PBXProject "GuideRestaurant" */;
			compatibilityVersion = "Xcode 9.3";
			developmentRegion = en;
			hasScannedForEncodings = 0;
			knownRegions = (
				en,
				Base,
			);
			mainGroup = 182B70B0262340EA0013B0E7;
			productRefGroup = 182B70BA262340EA0013B0E7 /* Products */;
			projectDirPath = "";
			projectRoot = "";
			targets = (
				182B70B8262340EA0013B0E7 /* GuideRestaurant */,
			);
		};
/* End PBXProject section */

/* Begin PBXResourcesBuildPhase section */
		182B70B7262340EA0013B0E7 /* Resources */ = {
			isa = PBXResourcesBuildPhase;
			buildActionMask = 2147483647;
			files = (
				182B70CA262340EA0013B0E7 /* LaunchScreen.storyboard in Resources */,
				182B70C7262340EA0013B0E7 /* Assets.xcassets in Resources */,
				182B70C2262340EA0013B0E7 /* Main.storyboard in Resources */,
			);
			runOnlyForDeploymentPostprocessing = 0;
		};
/* End PBXResourcesBuildPhase section */

/* Begin PBXSourcesBuildPhase section */
		182B70B5262340EA0013B0E7 /* Sources */ = {
			isa = PBXSourcesBuildPhase;
			buildActionMask = 2147483647;
			files = (
				182B70D6262361400013B0E7 /* ViewController.swift in Sources */,
				182B70C5262340EA0013B0E7 /* GuideRestaurant.xcdatamodeld in Sources */,
				182B70BF262340EA0013B0E7 /* MainViewController.swift in Sources */,
				182B70BD262340EA0013B0E7 /* AppDelegate.swift in Sources */,
				18C879392623C9A50064DC56 /* RatingReview.swift in Sources */,
				182B70D226235BD90013B0E7 /* TableViewController.swift in Sources */,
			);
			runOnlyForDeploymentPostprocessing = 0;
		};
/* End PBXSourcesBuildPhase section */

/* Begin PBXVariantGroup section */
		182B70C0262340EA0013B0E7 /* Main.storyboard */ = {
			isa = PBXVariantGroup;
			children = (
				182B70C1262340EA0013B0E7 /* Base */,
			);
			name = Main.storyboard;
			sourceTree = "<group>";
		};
		182B70C8262340EA0013B0E7 /* LaunchScreen.storyboard */ = {
			isa = PBXVariantGroup;
			children = (
				182B70C9262340EA0013B0E7 /* Base */,
			);
			name = LaunchScreen.storyboard;
			sourceTree = "<group>";
		};
/* End PBXVariantGroup section */

/* Begin XCBuildConfiguration section */
		182B70CC262340EA0013B0E7 /* Debug */ = {
			isa = XCBuildConfiguration;
			buildSettings = {
				ALWAYS_SEARCH_USER_PATHS = NO;
				CLANG_ANALYZER_NONNULL = YES;
				CLANG_ANALYZER_NUMBER_OBJECT_CONVERSION = YES_AGGRESSIVE;
				CLANG_CXX_LANGUAGE_STANDARD = "gnu++14";
				CLANG_CXX_LIBRARY = "libc++";
				CLANG_ENABLE_MODULES = YES;
				CLANG_ENABLE_OBJC_ARC = YES;
				CLANG_ENABLE_OBJC_WEAK = YES;
				CLANG_WARN_BLOCK_CAPTURE_AUTORELEASING = YES;
				CLANG_WARN_BOOL_CONVERSION = YES;
				CLANG_WARN_COMMA = YES;
				CLANG_WARN_CONSTANT_CONVERSION = YES;
				CLANG_WARN_DEPRECATED_OBJC_IMPLEMENTATIONS = YES;
				CLANG_WARN_DIRECT_OBJC_ISA_USAGE = YES_ERROR;
				CLANG_WARN_DOCUMENTATION_COMMENTS = YES;
				CLANG_WARN_EMPTY_BODY = YES;
				CLANG_WARN_ENUM_CONVERSION = YES;
				CLANG_WARN_INFINITE_RECURSION = YES;
				CLANG_WARN_INT_CONVERSION = YES;
				CLANG_WARN_NON_LITERAL_NULL_CONVERSION = YES;
				CLANG_WARN_OBJC_IMPLICIT_RETAIN_SELF = YES;
				CLANG_WARN_OBJC_LITERAL_CONVERSION = YES;
				CLANG_WARN_OBJC_ROOT_CLASS = YES_ERROR;
				CLANG_WARN_RANGE_LOOP_ANALYSIS = YES;
				CLANG_WARN_STRICT_PROTOTYPES = YES;
				CLANG_WARN_SUSPICIOUS_MOVE = YES;
				CLANG_WARN_UNGUARDED_AVAILABILITY = YES_AGGRESSIVE;
				CLANG_WARN_UNREACHABLE_CODE = YES;
				CLANG_WARN__DUPLICATE_METHOD_MATCH = YES;
				CODE_SIGN_IDENTITY = "iPhone Developer";
				COPY_PHASE_STRIP = NO;
				DEBUG_INFORMATION_FORMAT = dwarf;
				ENABLE_STRICT_OBJC_MSGSEND = YES;
				ENABLE_TESTABILITY = YES;
				GCC_C_LANGUAGE_STANDARD = gnu11;
				GCC_DYNAMIC_NO_PIC = NO;
				GCC_NO_COMMON_BLOCKS = YES;
				GCC_OPTIMIZATION_LEVEL = 0;
				GCC_PREPROCESSOR_DEFINITIONS = (
					"DEBUG=1",
					"$(inherited)",
				);
				GCC_WARN_64_TO_32_BIT_CONVERSION = YES;
				GCC_WARN_ABOUT_RETURN_TYPE = YES_ERROR;
				GCC_WARN_UNDECLARED_SELECTOR = YES;
				GCC_WARN_UNINITIALIZED_AUTOS = YES_AGGRESSIVE;
				GCC_WARN_UNUSED_FUNCTION = YES;
				GCC_WARN_UNUSED_VARIABLE = YES;
				IPHONEOS_DEPLOYMENT_TARGET = 12.2;
				MTL_ENABLE_DEBUG_INFO = INCLUDE_SOURCE;
				MTL_FAST_MATH = YES;
				ONLY_ACTIVE_ARCH = YES;
				SDKROOT = iphoneos;
				SWIFT_ACTIVE_COMPILATION_CONDITIONS = DEBUG;
				SWIFT_OPTIMIZATION_LEVEL = "-Onone";
			};
			name = Debug;
		};
		182B70CD262340EA0013B0E7 /* Release */ = {
			isa = XCBuildConfiguration;
			buildSettings = {
				ALWAYS_SEARCH_USER_PATHS = NO;
				CLANG_ANALYZER_NONNULL = YES;
				CLANG_ANALYZER_NUMBER_OBJECT_CONVERSION = YES_AGGRESSIVE;
				CLANG_CXX_LANGUAGE_STANDARD = "gnu++14";
				CLANG_CXX_LIBRARY = "libc++";
				CLANG_ENABLE_MODULES = YES;
				CLANG_ENABLE_OBJC_ARC = YES;
				CLANG_ENABLE_OBJC_WEAK = YES;
				CLANG_WARN_BLOCK_CAPTURE_AUTORELEASING = YES;
				CLANG_WARN_BOOL_CONVERSION = YES;
				CLANG_WARN_COMMA = YES;
				CLANG_WARN_CONSTANT_CONVERSION = YES;
				CLANG_WARN_DEPRECATED_OBJC_IMPLEMENTATIONS = YES;
				CLANG_WARN_DIRECT_OBJC_ISA_USAGE = YES_ERROR;
				CLANG_WARN_DOCUMENTATION_COMMENTS = YES;
				CLANG_WARN_EMPTY_BODY = YES;
				CLANG_WARN_ENUM_CONVERSION = YES;
				CLANG_WARN_INFINITE_RECURSION = YES;
				CLANG_WARN_INT_CONVERSION = YES;
				CLANG_WARN_NON_LITERAL_NULL_CONVERSION = YES;
				CLANG_WARN_OBJC_IMPLICIT_RETAIN_SELF = YES;
				CLANG_WARN_OBJC_LITERAL_CONVERSION = YES;
				CLANG_WARN_OBJC_ROOT_CLASS = YES_ERROR;
				CLANG_WARN_RANGE_LOOP_ANALYSIS = YES;
				CLANG_WARN_STRICT_PROTOTYPES = YES;
				CLANG_WARN_SUSPICIOUS_MOVE = YES;
				CLANG_WARN_UNGUARDED_AVAILABILITY = YES_AGGRESSIVE;
				CLANG_WARN_UNREACHABLE_CODE = YES;
				CLANG_WARN__DUPLICATE_METHOD_MATCH = YES;
				CODE_SIGN_IDENTITY = "iPhone Developer";
				COPY_PHASE_STRIP = NO;
				DEBUG_INFORMATION_FORMAT = "dwarf-with-dsym";
				ENABLE_NS_ASSERTIONS = NO;
				ENABLE_STRICT_OBJC_MSGSEND = YES;
				GCC_C_LANGUAGE_STANDARD = gnu11;
				GCC_NO_COMMON_BLOCKS = YES;
				GCC_WARN_64_TO_32_BIT_CONVERSION = YES;
				GCC_WARN_ABOUT_RETURN_TYPE = YES_ERROR;
				GCC_WARN_UNDECLARED_SELECTOR = YES;
				GCC_WARN_UNINITIALIZED_AUTOS = YES_AGGRESSIVE;
				GCC_WARN_UNUSED_FUNCTION = YES;
				GCC_WARN_UNUSED_VARIABLE = YES;
				IPHONEOS_DEPLOYMENT_TARGET = 12.2;
				MTL_ENABLE_DEBUG_INFO = NO;
				MTL_FAST_MATH = YES;
				SDKROOT = iphoneos;
				SWIFT_COMPILATION_MODE = wholemodule;
				SWIFT_OPTIMIZATION_LEVEL = "-O";
				VALIDATE_PRODUCT = YES;
			};
			name = Release;
		};
		182B70CF262340EA0013B0E7 /* Debug */ = {
			isa = XCBuildConfiguration;
			buildSettings = {
				ASSETCATALOG_COMPILER_APPICON_NAME = AppIcon;
				CODE_SIGN_STYLE = Automatic;
				INFOPLIST_FILE = GuideRestaurant/Info.plist;
				LD_RUNPATH_SEARCH_PATHS = (
					"$(inherited)",
					"@executable_path/Frameworks",
				);
				PRODUCT_BUNDLE_IDENTIFIER = GBC.GuideRestaurant;
				PRODUCT_NAME = "$(TARGET_NAME)";
				SWIFT_VERSION = 5.0;
				TARGETED_DEVICE_FAMILY = "1,2";
			};
			name = Debug;
		};
		182B70D0262340EA0013B0E7 /* Release */ = {
			isa = XCBuildConfiguration;
			buildSettings = {
				ASSETCATALOG_COMPILER_APPICON_NAME = AppIcon;
				CODE_SIGN_STYLE = Automatic;
				INFOPLIST_FILE = GuideRestaurant/Info.plist;
				LD_RUNPATH_SEARCH_PATHS = (
					"$(inherited)",
					"@executable_path/Frameworks",
				);
				PRODUCT_BUNDLE_IDENTIFIER = GBC.GuideRestaurant;
				PRODUCT_NAME = "$(TARGET_NAME)";
				SWIFT_VERSION = 5.0;
				TARGETED_DEVICE_FAMILY = "1,2";
			};
			name = Release;
		};
/* End XCBuildConfiguration section */

/* Begin XCConfigurationList section */
		182B70B4262340EA0013B0E7 /* Build configuration list for PBXProject "GuideRestaurant" */ = {
			isa = XCConfigurationList;
			buildConfigurations = (
				182B70CC262340EA0013B0E7 /* Debug */,
				182B70CD262340EA0013B0E7 /* Release */,
			);
			defaultConfigurationIsVisible = 0;
			defaultConfigurationName = Release;
		};
		182B70CE262340EA0013B0E7 /* Build configuration list for PBXNativeTarget "GuideRestaurant" */ = {
			isa = XCConfigurationList;
			buildConfigurations = (
				182B70CF262340EA0013B0E7 /* Debug */,
				182B70D0262340EA0013B0E7 /* Release */,
			);
			defaultConfigurationIsVisible = 0;
			defaultConfigurationName = Release;
		};
/* End XCConfigurationList section */

/* Begin XCVersionGroup section */
		182B70C3262340EA0013B0E7 /* GuideRestaurant.xcdatamodeld */ = {
			isa = XCVersionGroup;
			children = (
				182B70C4262340EA0013B0E7 /* GuideRestaurant.xcdatamodel */,
			);
			currentVersion = 182B70C4262340EA0013B0E7 /* GuideRestaurant.xcdatamodel */;
			path = GuideRestaurant.xcdatamodeld;
			sourceTree = "<group>";
			versionGroupType = wrapper.xcdatamodel;
		};
/* End XCVersionGroup section */
	};
	rootObject = 182B70B1262340EA0013B0E7 /* Project object */;
}
